github.com/julienschmidt/httprouter v1.3.0 h1:U0609e9tgbseu3rBINet9P48AI/D3oJs4dN7jwJOQ1U=
github.com/julienschmidt/httprouter v1.3.0/go.mod h1:JR6WtHb+2LUe8TCKY3cZOxFyyO8IZAc4RVcycCCAKdM=
github.com/zainanizar/appointy-task v0.0.0-20211009052316-cc8dc3ba3ec3 h1:eKyeNGJZ/5cFXiQwqtjs6srDsjVhbYlM+jkzWJ8CvqQ=
github.com/zainanizar/appointy-task v0.0.0-20211009052316-cc8dc3ba3ec3/go.mod h1:fjfr/YDVuGBGc3KHXqp9qbA9zP8QtUqnxfiKkRPdlr4=
gopkg.in/mgo.v2 v2.0.0-20190816093944-a6b53ec6cb22 h1:VpOs+IwYnYBaFnrNAeB8UUWtL3vEUnzSCL1nVjPhqrw=
gopkg.in/mgo.v2 v2.0.0-20190816093944-a6b53ec6cb22/go.mod h1:yeKp02qBN3iKW1OzL3MGk2IdtZzaj7SFntXj72NppTA=